
Microsoft Visual Studio Solution File, Format Version 12.00
# Visual Studio Version 16
VisualStudioVersion = 16.0.29102.190
MinimumVisualStudioVersion = 10.0.40219.1
Project("{FAE04EC0-301F-11D3-BF4B-00C04F79EFBC}") = "UniversalServer", "UniversalServer\UniversalServer.csproj", "{1A13BBB3-3E8A-42AC-A178-E555306D78D2}"
EndProject
Project("{FAE04EC0-301F-11D3-BF4B-00C04F79EFBC}") = "UniversalClient", "UniversalClient\UniversalClient.csproj", "{B2794DAC-E927-432A-87F5-1E1FE80F6513}"
EndProject
Project("{FAE04EC0-301F-11D3-BF4B-00C04F79EFBC}") = "UniversalClientTest", "UniversalClientTest\UniversalClientTest.csproj", "{A6D32F4E-4603-4E0D-806B-CF467FF96AE8}"
EndProject
Project("{FAE04EC0-301F-11D3-BF4B-00C04F79EFBC}") = "TestPlugin", "TestPlugin\TestPlugin.csproj", "{4051D914-CA74-49AB-AF0E-86CDE3DFCF26}"
EndProject
Project("{2150E333-8FDC-42A3-9474-1A3956D46DE8}") = "Testing", "Testing", "{31F112C4-4835-4A2B-8F75-0AE87D570941}"
EndProject
Project("{2150E333-8FDC-42A3-9474-1A3956D46DE8}") = "Client", "Client", "{6618C449-D980-4C68-B216-00E187E026FA}"
EndProject
Project("{2150E333-8FDC-42A3-9474-1A3956D46DE8}") = "Server", "Server", "{2EA4D8B8-C435-4A6F-8FCA-F09CC050545E}"
EndProject
Project("{2150E333-8FDC-42A3-9474-1A3956D46DE8}") = "API", "API", "{5EB189C3-5182-4930-B626-1CEBAAA9B7A8}"
EndProject
Project("{FAE04EC0-301F-11D3-BF4B-00C04F79EFBC}") = "UniversalServer.Core", "UniversalServer.Core\UniversalServer.Core.csproj", "{8B15417F-6AA2-4908-823A-811E25123539}"
EndProject
Global
	GlobalSection(SolutionConfigurationPlatforms) = preSolution
		Debug|Any CPU = Debug|Any CPU
		Release|Any CPU = Release|Any CPU
	EndGlobalSection
	GlobalSection(ProjectConfigurationPlatforms) = postSolution
		{1A13BBB3-3E8A-42AC-A178-E555306D78D2}.Debug|Any CPU.ActiveCfg = Debug|Any CPU
		{1A13BBB3-3E8A-42AC-A178-E555306D78D2}.Debug|Any CPU.Build.0 = Debug|Any CPU
		{1A13BBB3-3E8A-42AC-A178-E555306D78D2}.Release|Any CPU.ActiveCfg = Release|Any CPU
		{1A13BBB3-3E8A-42AC-A178-E555306D78D2}.Release|Any CPU.Build.0 = Release|Any CPU
		{B2794DAC-E927-432A-87F5-1E1FE80F6513}.Debug|Any CPU.ActiveCfg = Debug|Any CPU
		{B2794DAC-E927-432A-87F5-1E1FE80F6513}.Debug|Any CPU.Build.0 = Debug|Any CPU
		{B2794DAC-E927-432A-87F5-1E1FE80F6513}.Release|Any CPU.ActiveCfg = Release|Any CPU
		{B2794DAC-E927-432A-87F5-1E1FE80F6513}.Release|Any CPU.Build.0 = Release|Any CPU
		{A6D32F4E-4603-4E0D-806B-CF467FF96AE8}.Debug|Any CPU.ActiveCfg = Debug|Any CPU
		{A6D32F4E-4603-4E0D-806B-CF467FF96AE8}.Debug|Any CPU.Build.0 = Debug|Any CPU
		{A6D32F4E-4603-4E0D-806B-CF467FF96AE8}.Release|Any CPU.ActiveCfg = Release|Any CPU
		{A6D32F4E-4603-4E0D-806B-CF467FF96AE8}.Release|Any CPU.Build.0 = Release|Any CPU
		{4051D914-CA74-49AB-AF0E-86CDE3DFCF26}.Debug|Any CPU.ActiveCfg = Debug|Any CPU
		{4051D914-CA74-49AB-AF0E-86CDE3DFCF26}.Debug|Any CPU.Build.0 = Debug|Any CPU
		{4051D914-CA74-49AB-AF0E-86CDE3DFCF26}.Release|Any CPU.ActiveCfg = Release|Any CPU
		{4051D914-CA74-49AB-AF0E-86CDE3DFCF26}.Release|Any CPU.Build.0 = Release|Any CPU
		{8B15417F-6AA2-4908-823A-811E25123539}.Debug|Any CPU.ActiveCfg = Debug|Any CPU
		{8B15417F-6AA2-4908-823A-811E25123539}.Debug|Any CPU.Build.0 = Debug|Any CPU
		{8B15417F-6AA2-4908-823A-811E25123539}.Release|Any CPU.ActiveCfg = Release|Any CPU
		{8B15417F-6AA2-4908-823A-811E25123539}.Release|Any CPU.Build.0 = Release|Any CPU
	EndGlobalSection
	GlobalSection(SolutionProperties) = preSolution
		HideSolutionNode = FALSE
	EndGlobalSection
	GlobalSection(NestedProjects) = preSolution
		{1A13BBB3-3E8A-42AC-A178-E555306D78D2} = {2EA4D8B8-C435-4A6F-8FCA-F09CC050545E}
		{B2794DAC-E927-432A-87F5-1E1FE80F6513} = {6618C449-D980-4C68-B216-00E187E026FA}
		{A6D32F4E-4603-4E0D-806B-CF467FF96AE8} = {31F112C4-4835-4A2B-8F75-0AE87D570941}
		{4051D914-CA74-49AB-AF0E-86CDE3DFCF26} = {31F112C4-4835-4A2B-8F75-0AE87D570941}
		{31F112C4-4835-4A2B-8F75-0AE87D570941} = {6618C449-D980-4C68-B216-00E187E026FA}
		{8B15417F-6AA2-4908-823A-811E25123539} = {5EB189C3-5182-4930-B626-1CEBAAA9B7A8}
	EndGlobalSection
	GlobalSection(ExtensibilityGlobals) = postSolution
		SolutionGuid = {93555421-001B-4CC7-AD4A-1743444498AC}
	EndGlobalSection
EndGlobal
